github.com/google/uuid v1.0.0 h1:b4Gk+7WdP/d3HZH8EJsZpvV7EtDOgaZLtnaNGIu1adA=
github.com/google/uuid v1.0.0/go.mod h1:TIyPZe4MgqvfeYDBFedMoGGpEw/LqOeaOT+nhxU+yHo=
github.com/hashicorp/go-version v1.0.0 h1:21MVWPKDphxa7ineQQTrCU5brh7OuVVAzGOCnnCPtE8=
github.com/hashicorp/go-version v1.0.0/go.mod h1:fltr4n8CU8Ke44wwGCBoEymUuxUHl09ZGVZPK5anwXA=
github.com/hashicorp/go-version v1.2.0 h1:3vNe/fWF5CBgRIguda1meWhsZHy3m8gCJ5wx+dIzX/E=
github.com/hashicorp/go-version v1.2.0/go.mod h1:fltr4n8CU8Ke44wwGCBoEymUuxUHl09ZGVZPK5anwXA=
github.com/pborman/uuid v0.0.0-20180906182336-adf5a7427709 h1:zNBQb37RGLmJybyMcs983HfUfpkw9OTFD9tbBfAViHE=
github.com/pborman/uuid v0.0.0-20180906182336-adf5a7427709/go.mod h1:VyrYX9gd7irzKovcSS6BIIEwPRkP2Wm2m9ufcdFSJ34=
github.com/yanniszark/go-nodetool v0.0.0-20190719133933-cc333b9c2b54 h1:+IjTJTOvgAzJ1LMtK4QGC7XqZoN7J8jISzsiif5B19U=
github.com/yanniszark/go-nodetool v0.0.0-20190719133933-cc333b9c2b54/go.mod h1:Xa5+YBU+mVptkMAN6lQS83/ObDZIBlY17RhwZchyw3M=
k8s.io/apimachinery v0.0.0-20181116115711-1b0702fe2927 h1:RkGqNDA3mKVqAQbCHoB+QeHshksgEzhAlFqY4HhlSu0=
k8s.io/apimachinery v0.0.0-20181116115711-1b0702fe2927/go.mod h1:ccL7Eh7zubPUSh9A3USN90/OzHNSVN6zxzde07TDCL0=
