# This file is autogenerated, do not edit; changes may be undone by the next 'dep ensure'.


[[projects]]
  name = "github.com/google/uuid"
  packages = ["."]
  revision = "d460ce9f8df2e77fb1ba55ca87fafed96c607494"
  version = "v1.0.0"

[[projects]]
  name = "github.com/hashicorp/go-version"
  packages = ["."]
  revision = "b5a281d3160aa11950a6182bd9a9dc2cb1e02d50"
  version = "v1.0.0"

[[projects]]
  name = "github.com/pborman/uuid"
  packages = ["."]
  revision = "adf5a7427709b9deb95d29d3fa8a2bf9cfd388f1"
  version = "v1.2"

[[projects]]
  branch = "master"
  name = "k8s.io/apimachinery"
  packages = ["pkg/util/sets"]
  revision = "1b0702fe2927f82126da9c2ecf567f14676f6072"

[solve-meta]
  analyzer-name = "dep"
  analyzer-version = 1
  inputs-digest = "2554199472057295bce58b040ea1c236e78621f0565c4a1404766ef997e2cf82"
  solver-name = "gps-cdcl"
  solver-version = 1
